{
  "name": "weekly-task-2",
  "version": "1.0.0",
  "lockfileVersion": 3,
  "requires": true,
  "packages": {
    "": {
      "name": "weekly-task-2",
      "version": "1.0.0",
      "license": "MIT",
      "devDependencies": {
        "@eslint/json": "^0.13.0",
        "globals": "^16.3.0"
      }
    },
    "node_modules/@eslint/core": {
      "version": "0.14.0",
      "resolved": "https://registry.npmjs.org/@eslint/core/-/core-0.14.0.tgz",
      "integrity": "sha512-qIbV0/JZr7iSDjqAc60IqbLdsj9GDt16xQtWD+B78d/HAlvysGdZZ6rpJHGAc2T0FQx1X6thsSPdnoiGKdNtdg==",
      "dev": true,
      "license": "Apache-2.0",
      "dependencies": {
        "@types/json-schema": "^7.0.15"
      },
      "engines": {
        "node": "^18.18.0 || ^20.9.0 || >=21.1.0"
      }
    },
    "node_modules/@eslint/json": {
      "version": "0.13.0",
      "resolved": "https://registry.npmjs.org/@eslint/json/-/json-0.13.0.tgz",
      "integrity": "sha512-nHS3w1R9CV+Q3wL4vtQaw9iMI/X8IT/E+yroN53MY6UqxdFRfWpceVEV1//usu+SUIf2tAkqGcXLyK72KpxlCQ==",
      "dev": true,
      "license": "Apache-2.0",
      "dependencies": {
        "@eslint/core": "^0.14.0",
        "@eslint/plugin-kit": "^0.3.1",
        "@humanwhocodes/momoa": "^3.3.4",
        "natural-compare": "^1.4.0"
      },
      "engines": {
        "node": "^18.18.0 || ^20.9.0 || >=21.1.0"
      }
    },
    "node_modules/@eslint/plugin-kit": {
      "version": "0.3.3",
      "resolved": "https://registry.npmjs.org/@eslint/plugin-kit/-/plugin-kit-0.3.3.tgz",
      "integrity": "sha512-1+WqvgNMhmlAambTvT3KPtCl/Ibr68VldY2XY40SL1CE0ZXiakFR/cbTspaF5HsnpDMvcYYoJHfl4980NBjGag==",
      "dev": true,
      "license": "Apache-2.0",
      "dependencies": {
        "@eslint/core": "^0.15.1",
        "levn": "^0.4.1"
      },
      "engines": {
        "node": "^18.18.0 || ^20.9.0 || >=21.1.0"
      }
    },
    "node_modules/@eslint/plugin-kit/node_modules/@eslint/core": {
      "version": "0.15.1",
      "resolved": "https://registry.npmjs.org/@eslint/core/-/core-0.15.1.tgz",
      "integrity": "sha512-bkOp+iumZCCbt1K1CmWf0R9pM5yKpDv+ZXtvSyQpudrI9kuFLp+bM2WOPXImuD/ceQuaa8f5pj93Y7zyECIGNA==",
      "dev": true,
      "license": "Apache-2.0",
      "dependencies": {
        "@types/json-schema": "^7.0.15"
      },
      "engines": {
        "node": "^18.18.0 || ^20.9.0 || >=21.1.0"
      }
    },
    "node_modules/@humanwhocodes/momoa": {
      "version": "3.3.8",
      "resolved": "https://registry.npmjs.org/@humanwhocodes/momoa/-/momoa-3.3.8.tgz",
      "integrity": "sha512-/3PZzor2imi/RLLcnHztkwA79txiVvW145Ve2cp5dxRcH5qOUNJPToasqLFHniTfw4B4lT7jGDdBOPXbXYlIMQ==",
      "dev": true,
      "license": "Apache-2.0",
      "engines": {
        "node": ">=18"
      }
    },
    "node_modules/@types/json-schema": {
      "version": "7.0.15",
      "resolved": "https://registry.npmjs.org/@types/json-schema/-/json-schema-7.0.15.tgz",
      "integrity": "sha512-5+fP8P8MFNC+AyZCDxrB2pkZFPGzqQWUzpSeuuVLvm8VMcorNYavBqoFcxK8bQz4Qsbn4oUEEem4wDLfcysGHA==",
      "dev": true,
      "license": "MIT"
    },
    "node_modules/globals": {
      "version": "16.3.0",
      "resolved": "https://registry.npmjs.org/globals/-/globals-16.3.0.tgz",
      "integrity": "sha512-bqWEnJ1Nt3neqx2q5SFfGS8r/ahumIakg3HcwtNlrVlwXIeNumWn/c7Pn/wKzGhf6SaW6H6uWXLqC30STCMchQ==",
      "dev": true,
      "license": "MIT",
      "engines": {
        "node": ">=18"
      },
      "funding": {
        "url": "https://github.com/sponsors/sindresorhus"
      }
    },
    "node_modules/levn": {
      "version": "0.4.1",
      "resolved": "https://registry.npmjs.org/levn/-/levn-0.4.1.tgz",
      "integrity": "sha512-+bT2uH4E5LGE7h/n3evcS/sQlJXCpIp6ym8OWJ5eV6+67Dsql/LaaT7qJBAt2rzfoa/5QBGBhxDix1dMt2kQKQ==",
      "dev": true,
      "license": "MIT",
      "dependencies": {
        "prelude-ls": "^1.2.1",
        "type-check": "~0.4.0"
      },
      "engines": {
        "node": ">= 0.8.0"
      }
    },
    "node_modules/natural-compare": {
      "version": "1.4.0",
      "resolved": "https://registry.npmjs.org/natural-compare/-/natural-compare-1.4.0.tgz",
      "integrity": "sha512-OWND8ei3VtNC9h7V60qff3SVobHr996CTwgxubgyQYEpg290h9J0buyECNNJexkFm5sOajh5G116RYA1c8ZMSw==",
      "dev": true,
      "license": "MIT"
    },
    "node_modules/prelude-ls": {
      "version": "1.2.1",
      "resolved": "https://registry.npmjs.org/prelude-ls/-/prelude-ls-1.2.1.tgz",
      "integrity": "sha512-vkcDPrRZo1QZLbn5RLGPpg/WmIQ65qoWWhcGKf/b5eplkkarX0m9z8ppCat4mlOqUsWpyNuYgO3VRyrYHSzX5g==",
      "dev": true,
      "license": "MIT",
      "engines": {
        "node": ">= 0.8.0"
      }
    },
    "node_modules/type-check": {
      "version": "0.4.0",
      "resolved": "https://registry.npmjs.org/type-check/-/type-check-0.4.0.tgz",
      "integrity": "sha512-XleUoc9uwGXqjWwXaUTZAmzMcFZ5858QA2vvx1Ur5xIcixXIP+8LnFDgRplU30us6teqdlskFfu+ae4K79Ooew==",
      "dev": true,
      "license": "MIT",
      "dependencies": {
        "prelude-ls": "^1.2.1"
      },
      "engines": {
        "node": ">= 0.8.0"
      }
    }
  }
}
